
Microsoft Visual Studio Solution File, Format Version 12.00
# Visual Studio Version 17
VisualStudioVersion = 17.0.31919.166
MinimumVisualStudioVersion = 10.0.40219.1
Project("{9A19103F-16F7-4668-BE54-9A1E7A4F7556}") = "Sledge.Formats.Map", "Sledge.Formats.Map\Sledge.Formats.Map.csproj", "{2DD6382B-F76B-4AB3-B226-7F0BBB8331AC}"
EndProject
Project("{9A19103F-16F7-4668-BE54-9A1E7A4F7556}") = "Sledge.Formats.Map.Tests", "Sledge.Formats.Map.Tests\Sledge.Formats.Map.Tests.csproj", "{CD78BC0D-33A8-4E28-AD53-4A6DA174CB1C}"
EndProject
Project("{9A19103F-16F7-4668-BE54-9A1E7A4F7556}") = "Sledge.Formats", "Sledge.Formats\Sledge.Formats.csproj", "{5724CCBA-66EB-4715-8092-6F490A71EA43}"
EndProject
Project("{9A19103F-16F7-4668-BE54-9A1E7A4F7556}") = "Sledge.Formats.Tests", "Sledge.Formats.Tests\Sledge.Formats.Tests.csproj", "{F613B3BA-903A-4C42-836F-D288D58AC486}"
EndProject
Project("{9A19103F-16F7-4668-BE54-9A1E7A4F7556}") = "Sledge.Formats.Bsp", "Sledge.Formats.Bsp\Sledge.Formats.Bsp.csproj", "{369D8CA2-7131-406A-8E36-5DC1B7B0A5C6}"
EndProject
Project("{9A19103F-16F7-4668-BE54-9A1E7A4F7556}") = "Sledge.Formats.Texture", "Sledge.Formats.Texture\Sledge.Formats.Texture.csproj", "{C5FF27AA-4463-4C57-A2D6-4A08C0A9C703}"
EndProject
Project("{9A19103F-16F7-4668-BE54-9A1E7A4F7556}") = "Sledge.Formats.Texture.Tests", "Sledge.Formats.Texture.Tests\Sledge.Formats.Texture.Tests.csproj", "{6ED028EC-3CC2-4B34-9E76-C91D265AAFCE}"
EndProject
Project("{2150E333-8FDC-42A3-9474-1A3956D46DE8}") = "Solution Items", "Solution Items", "{ACCA1AA6-1D00-4AAA-A678-4E71408723F7}"
	ProjectSection(SolutionItems) = preProject
		LICENSE = LICENSE
		.github\workflows\publish-master.yml = .github\workflows\publish-master.yml
		Readme.md = Readme.md
	EndProjectSection
EndProject
Project("{9A19103F-16F7-4668-BE54-9A1E7A4F7556}") = "Sledge.Formats.Packages", "Sledge.Formats.Packages\Sledge.Formats.Packages.csproj", "{63DBBC9F-17E7-4400-AB0D-E4C8F0B73AC6}"
EndProject
Project("{9A19103F-16F7-4668-BE54-9A1E7A4F7556}") = "Sledge.Formats.GameData", "Sledge.Formats.GameData\Sledge.Formats.GameData.csproj", "{AAFED12E-5656-4556-8B64-D1B8B3CC7AC1}"
EndProject
Project("{9A19103F-16F7-4668-BE54-9A1E7A4F7556}") = "Sledge.Formats.GameData.Tests", "Sledge.Formats.GameData.Tests\Sledge.Formats.GameData.Tests.csproj", "{CB5A8287-E76D-427A-9244-DBB5BA96DF23}"
EndProject
Project("{9A19103F-16F7-4668-BE54-9A1E7A4F7556}") = "Sledge.Formats.Bsp.Tests", "Sledge.Formats.Bsp.Tests\Sledge.Formats.Bsp.Tests.csproj", "{569F399E-8530-465E-AF99-2A56D6A95A07}"
EndProject
Project("{9A19103F-16F7-4668-BE54-9A1E7A4F7556}") = "Sledge.Formats.Model", "Sledge.Formats.Model\Sledge.Formats.Model.csproj", "{DF78E94A-2481-4490-ABAB-3CB4C688C218}"
EndProject
Project("{9A19103F-16F7-4668-BE54-9A1E7A4F7556}") = "Sledge.Formats.Model.Tests", "Sledge.Formats.Model.Tests\Sledge.Formats.Model.Tests.csproj", "{9596B02D-5C5D-4135-98B6-1142D08A3929}"
EndProject
Project("{FAE04EC0-301F-11D3-BF4B-00C04F79EFBC}") = "Sledge.Formats.Texture.ImageSharp", "Sledge.Formats.Texture.ImageSharp\Sledge.Formats.Texture.ImageSharp.csproj", "{841D69BB-CED0-4A44-A434-9D1272EBA0BA}"
EndProject
Global
	GlobalSection(SolutionConfigurationPlatforms) = preSolution
		Debug|Any CPU = Debug|Any CPU
		Release|Any CPU = Release|Any CPU
	EndGlobalSection
	GlobalSection(ProjectConfigurationPlatforms) = postSolution
		{2DD6382B-F76B-4AB3-B226-7F0BBB8331AC}.Debug|Any CPU.ActiveCfg = Debug|Any CPU
		{2DD6382B-F76B-4AB3-B226-7F0BBB8331AC}.Debug|Any CPU.Build.0 = Debug|Any CPU
		{2DD6382B-F76B-4AB3-B226-7F0BBB8331AC}.Release|Any CPU.ActiveCfg = Release|Any CPU
		{2DD6382B-F76B-4AB3-B226-7F0BBB8331AC}.Release|Any CPU.Build.0 = Release|Any CPU
		{CD78BC0D-33A8-4E28-AD53-4A6DA174CB1C}.Debug|Any CPU.ActiveCfg = Debug|Any CPU
		{CD78BC0D-33A8-4E28-AD53-4A6DA174CB1C}.Debug|Any CPU.Build.0 = Debug|Any CPU
		{CD78BC0D-33A8-4E28-AD53-4A6DA174CB1C}.Release|Any CPU.ActiveCfg = Release|Any CPU
		{CD78BC0D-33A8-4E28-AD53-4A6DA174CB1C}.Release|Any CPU.Build.0 = Release|Any CPU
		{5724CCBA-66EB-4715-8092-6F490A71EA43}.Debug|Any CPU.ActiveCfg = Debug|Any CPU
		{5724CCBA-66EB-4715-8092-6F490A71EA43}.Debug|Any CPU.Build.0 = Debug|Any CPU
		{5724CCBA-66EB-4715-8092-6F490A71EA43}.Release|Any CPU.ActiveCfg = Release|Any CPU
		{5724CCBA-66EB-4715-8092-6F490A71EA43}.Release|Any CPU.Build.0 = Release|Any CPU
		{F613B3BA-903A-4C42-836F-D288D58AC486}.Debug|Any CPU.ActiveCfg = Debug|Any CPU
		{F613B3BA-903A-4C42-836F-D288D58AC486}.Debug|Any CPU.Build.0 = Debug|Any CPU
		{F613B3BA-903A-4C42-836F-D288D58AC486}.Release|Any CPU.ActiveCfg = Release|Any CPU
		{F613B3BA-903A-4C42-836F-D288D58AC486}.Release|Any CPU.Build.0 = Release|Any CPU
		{369D8CA2-7131-406A-8E36-5DC1B7B0A5C6}.Debug|Any CPU.ActiveCfg = Debug|Any CPU
		{369D8CA2-7131-406A-8E36-5DC1B7B0A5C6}.Debug|Any CPU.Build.0 = Debug|Any CPU
		{369D8CA2-7131-406A-8E36-5DC1B7B0A5C6}.Release|Any CPU.ActiveCfg = Release|Any CPU
		{369D8CA2-7131-406A-8E36-5DC1B7B0A5C6}.Release|Any CPU.Build.0 = Release|Any CPU
		{C5FF27AA-4463-4C57-A2D6-4A08C0A9C703}.Debug|Any CPU.ActiveCfg = Debug|Any CPU
		{C5FF27AA-4463-4C57-A2D6-4A08C0A9C703}.Debug|Any CPU.Build.0 = Debug|Any CPU
		{C5FF27AA-4463-4C57-A2D6-4A08C0A9C703}.Release|Any CPU.ActiveCfg = Release|Any CPU
		{C5FF27AA-4463-4C57-A2D6-4A08C0A9C703}.Release|Any CPU.Build.0 = Release|Any CPU
		{6ED028EC-3CC2-4B34-9E76-C91D265AAFCE}.Debug|Any CPU.ActiveCfg = Debug|Any CPU
		{6ED028EC-3CC2-4B34-9E76-C91D265AAFCE}.Debug|Any CPU.Build.0 = Debug|Any CPU
		{6ED028EC-3CC2-4B34-9E76-C91D265AAFCE}.Release|Any CPU.ActiveCfg = Release|Any CPU
		{6ED028EC-3CC2-4B34-9E76-C91D265AAFCE}.Release|Any CPU.Build.0 = Release|Any CPU
		{63DBBC9F-17E7-4400-AB0D-E4C8F0B73AC6}.Debug|Any CPU.ActiveCfg = Debug|Any CPU
		{63DBBC9F-17E7-4400-AB0D-E4C8F0B73AC6}.Debug|Any CPU.Build.0 = Debug|Any CPU
		{63DBBC9F-17E7-4400-AB0D-E4C8F0B73AC6}.Release|Any CPU.ActiveCfg = Release|Any CPU
		{63DBBC9F-17E7-4400-AB0D-E4C8F0B73AC6}.Release|Any CPU.Build.0 = Release|Any CPU
		{AAFED12E-5656-4556-8B64-D1B8B3CC7AC1}.Debug|Any CPU.ActiveCfg = Debug|Any CPU
		{AAFED12E-5656-4556-8B64-D1B8B3CC7AC1}.Debug|Any CPU.Build.0 = Debug|Any CPU
		{AAFED12E-5656-4556-8B64-D1B8B3CC7AC1}.Release|Any CPU.ActiveCfg = Release|Any CPU
		{AAFED12E-5656-4556-8B64-D1B8B3CC7AC1}.Release|Any CPU.Build.0 = Release|Any CPU
		{CB5A8287-E76D-427A-9244-DBB5BA96DF23}.Debug|Any CPU.ActiveCfg = Debug|Any CPU
		{CB5A8287-E76D-427A-9244-DBB5BA96DF23}.Debug|Any CPU.Build.0 = Debug|Any CPU
		{CB5A8287-E76D-427A-9244-DBB5BA96DF23}.Release|Any CPU.ActiveCfg = Release|Any CPU
		{CB5A8287-E76D-427A-9244-DBB5BA96DF23}.Release|Any CPU.Build.0 = Release|Any CPU
		{569F399E-8530-465E-AF99-2A56D6A95A07}.Debug|Any CPU.ActiveCfg = Debug|Any CPU
		{569F399E-8530-465E-AF99-2A56D6A95A07}.Debug|Any CPU.Build.0 = Debug|Any CPU
		{569F399E-8530-465E-AF99-2A56D6A95A07}.Release|Any CPU.ActiveCfg = Release|Any CPU
		{569F399E-8530-465E-AF99-2A56D6A95A07}.Release|Any CPU.Build.0 = Release|Any CPU
		{DF78E94A-2481-4490-ABAB-3CB4C688C218}.Debug|Any CPU.ActiveCfg = Debug|Any CPU
		{DF78E94A-2481-4490-ABAB-3CB4C688C218}.Debug|Any CPU.Build.0 = Debug|Any CPU
		{DF78E94A-2481-4490-ABAB-3CB4C688C218}.Release|Any CPU.ActiveCfg = Release|Any CPU
		{DF78E94A-2481-4490-ABAB-3CB4C688C218}.Release|Any CPU.Build.0 = Release|Any CPU
		{9596B02D-5C5D-4135-98B6-1142D08A3929}.Debug|Any CPU.ActiveCfg = Debug|Any CPU
		{9596B02D-5C5D-4135-98B6-1142D08A3929}.Debug|Any CPU.Build.0 = Debug|Any CPU
		{9596B02D-5C5D-4135-98B6-1142D08A3929}.Release|Any CPU.ActiveCfg = Release|Any CPU
		{9596B02D-5C5D-4135-98B6-1142D08A3929}.Release|Any CPU.Build.0 = Release|Any CPU
		{841D69BB-CED0-4A44-A434-9D1272EBA0BA}.Debug|Any CPU.ActiveCfg = Debug|Any CPU
		{841D69BB-CED0-4A44-A434-9D1272EBA0BA}.Debug|Any CPU.Build.0 = Debug|Any CPU
		{841D69BB-CED0-4A44-A434-9D1272EBA0BA}.Release|Any CPU.ActiveCfg = Release|Any CPU
		{841D69BB-CED0-4A44-A434-9D1272EBA0BA}.Release|Any CPU.Build.0 = Release|Any CPU
	EndGlobalSection
	GlobalSection(SolutionProperties) = preSolution
		HideSolutionNode = FALSE
	EndGlobalSection
	GlobalSection(ExtensibilityGlobals) = postSolution
		SolutionGuid = {A2AA0883-1321-4A68-ADE4-75C8E9318B67}
	EndGlobalSection
EndGlobal
